
Microsoft Visual Studio Solution File, Format Version 12.00
# Visual Studio Version 17
VisualStudioVersion = 17.8.34330.188
MinimumVisualStudioVersion = 10.0.40219.1
Project("{FAE04EC0-301F-11D3-BF4B-00C04F79EFBC}") = "WebAPIXRay", "WebAPIXRay\WebAPIXRay.csproj", "{ABA80D40-FF0D-4EDC-854C-4EE96A960B3E}"
EndProject
Global
	GlobalSection(SolutionConfigurationPlatforms) = preSolution
		Debug|Any CPU = Debug|Any CPU
		Release|Any CPU = Release|Any CPU
	EndGlobalSection
	GlobalSection(ProjectConfigurationPlatforms) = postSolution
		{ABA80D40-FF0D-4EDC-854C-4EE96A960B3E}.Debug|Any CPU.ActiveCfg = Debug|Any CPU
		{ABA80D40-FF0D-4EDC-854C-4EE96A960B3E}.Debug|Any CPU.Build.0 = Debug|Any CPU
		{ABA80D40-FF0D-4EDC-854C-4EE96A960B3E}.Release|Any CPU.ActiveCfg = Release|Any CPU
		{ABA80D40-FF0D-4EDC-854C-4EE96A960B3E}.Release|Any CPU.Build.0 = Release|Any CPU
	EndGlobalSection
	GlobalSection(SolutionProperties) = preSolution
		HideSolutionNode = FALSE
	EndGlobalSection
	GlobalSection(ExtensibilityGlobals) = postSolution
		SolutionGuid = {3E1AAE02-54F9-4104-BE2E-778BD8DD7C17}
	EndGlobalSection
EndGlobal
